
Microsoft Visual Studio Solution File, Format Version 12.00
# Visual Studio Version 17
VisualStudioVersion = 17.0.31903.59
MinimumVisualStudioVersion = 10.0.40219.1
Project("{2150E333-8FDC-42A3-9474-1A3956D46DE8}") = "src", "src", "{2D6CB6B7-08A4-427D-B038-082BDD955558}"
EndProject
Project("{2150E333-8FDC-42A3-9474-1A3956D46DE8}") = "MicroServices", "MicroServices", "{F55EFF19-A4A3-46C6-9B80-1B345F976D21}"
EndProject
Project("{FAE04EC0-301F-11D3-BF4B-00C04F79EFBC}") = "MMA.API", "src\MicroServices\MMA.API\MMA.API.csproj", "{44166D14-24CF-40CD-ABB2-2748263FB956}"
EndProject
Project("{FAE04EC0-301F-11D3-BF4B-00C04F79EFBC}") = "MMA.Domain", "src\MicroServices\MMA.Domain\MMA.Domain.csproj", "{2CE0D233-DED7-44EC-A8E2-896C2F0A8696}"
EndProject
Project("{FAE04EC0-301F-11D3-BF4B-00C04F79EFBC}") = "MMA.Service", "src\MicroServices\MMA.Service\MMA.Service.csproj", "{27165E8E-9C65-485D-86DE-1CBAE60A644D}"
EndProject
Project("{2150E333-8FDC-42A3-9474-1A3956D46DE8}") = "Web.UI", "Web.UI", "{522251C0-6027-42B6-BBC6-F609334E40FA}"
EndProject
Project("{FAE04EC0-301F-11D3-BF4B-00C04F79EFBC}") = "MMA.BlazorWasm", "src\Web.UI\MMA.BlazorWasm\MMA.BlazorWasm.csproj", "{13B00D2B-499A-425E-928E-6C86E7F55BF2}"
EndProject
Global
	GlobalSection(SolutionConfigurationPlatforms) = preSolution
		Debug|Any CPU = Debug|Any CPU
		Release|Any CPU = Release|Any CPU
	EndGlobalSection
	GlobalSection(SolutionProperties) = preSolution
		HideSolutionNode = FALSE
	EndGlobalSection
	GlobalSection(ProjectConfigurationPlatforms) = postSolution
		{44166D14-24CF-40CD-ABB2-2748263FB956}.Debug|Any CPU.ActiveCfg = Debug|Any CPU
		{44166D14-24CF-40CD-ABB2-2748263FB956}.Debug|Any CPU.Build.0 = Debug|Any CPU
		{44166D14-24CF-40CD-ABB2-2748263FB956}.Release|Any CPU.ActiveCfg = Release|Any CPU
		{44166D14-24CF-40CD-ABB2-2748263FB956}.Release|Any CPU.Build.0 = Release|Any CPU
		{2CE0D233-DED7-44EC-A8E2-896C2F0A8696}.Debug|Any CPU.ActiveCfg = Debug|Any CPU
		{2CE0D233-DED7-44EC-A8E2-896C2F0A8696}.Debug|Any CPU.Build.0 = Debug|Any CPU
		{2CE0D233-DED7-44EC-A8E2-896C2F0A8696}.Release|Any CPU.ActiveCfg = Release|Any CPU
		{2CE0D233-DED7-44EC-A8E2-896C2F0A8696}.Release|Any CPU.Build.0 = Release|Any CPU
		{27165E8E-9C65-485D-86DE-1CBAE60A644D}.Debug|Any CPU.ActiveCfg = Debug|Any CPU
		{27165E8E-9C65-485D-86DE-1CBAE60A644D}.Debug|Any CPU.Build.0 = Debug|Any CPU
		{27165E8E-9C65-485D-86DE-1CBAE60A644D}.Release|Any CPU.ActiveCfg = Release|Any CPU
		{27165E8E-9C65-485D-86DE-1CBAE60A644D}.Release|Any CPU.Build.0 = Release|Any CPU
		{13B00D2B-499A-425E-928E-6C86E7F55BF2}.Debug|Any CPU.ActiveCfg = Debug|Any CPU
		{13B00D2B-499A-425E-928E-6C86E7F55BF2}.Debug|Any CPU.Build.0 = Debug|Any CPU
		{13B00D2B-499A-425E-928E-6C86E7F55BF2}.Release|Any CPU.ActiveCfg = Release|Any CPU
		{13B00D2B-499A-425E-928E-6C86E7F55BF2}.Release|Any CPU.Build.0 = Release|Any CPU
	EndGlobalSection
	GlobalSection(NestedProjects) = preSolution
		{F55EFF19-A4A3-46C6-9B80-1B345F976D21} = {2D6CB6B7-08A4-427D-B038-082BDD955558}
		{44166D14-24CF-40CD-ABB2-2748263FB956} = {F55EFF19-A4A3-46C6-9B80-1B345F976D21}
		{2CE0D233-DED7-44EC-A8E2-896C2F0A8696} = {F55EFF19-A4A3-46C6-9B80-1B345F976D21}
		{27165E8E-9C65-485D-86DE-1CBAE60A644D} = {F55EFF19-A4A3-46C6-9B80-1B345F976D21}
		{522251C0-6027-42B6-BBC6-F609334E40FA} = {2D6CB6B7-08A4-427D-B038-082BDD955558}
		{13B00D2B-499A-425E-928E-6C86E7F55BF2} = {522251C0-6027-42B6-BBC6-F609334E40FA}
	EndGlobalSection
EndGlobal
